{"format_version":"1.1","terraform_version":"1.3.7","planned_values":{"root_module":{"resources":[{"address":"aws_s3_bucket.terraform-bucket","mode":"managed","type":"aws_s3_bucket","name":"terraform-bucket","provider_name":"registry.terraform.io/hashicorp/aws","schema_version":0,"values":{"bucket":"terraform-bucket-2023-01-02","bucket_prefix":null,"force_destroy":false,"tags":{"Name":"Terraform Series"},"tags_all":{"Name":"Terraform Series"},"timeouts":null},"sensitive_values":{"cors_rule":[],"grant":[],"lifecycle_rule":[],"logging":[],"object_lock_configuration":[],"replication_configuration":[],"server_side_encryption_configuration":[],"tags":{},"tags_all":{},"versioning":[],"website":[]}}]}},"resource_changes":[{"address":"aws_s3_bucket.terraform-bucket","mode":"managed","type":"aws_s3_bucket","name":"terraform-bucket","provider_name":"registry.terraform.io/hashicorp/aws","change":{"actions":["create"],"before":null,"after":{"bucket":"terraform-bucket-2023-01-02","bucket_prefix":null,"force_destroy":false,"tags":{"Name":"Terraform Series"},"tags_all":{"Name":"Terraform Series"},"timeouts":null},"after_unknown":{"acceleration_status":true,"acl":true,"arn":true,"bucket_domain_name":true,"bucket_regional_domain_name":true,"cors_rule":true,"grant":true,"hosted_zone_id":true,"id":true,"lifecycle_rule":true,"logging":true,"object_lock_configuration":true,"object_lock_enabled":true,"policy":true,"region":true,"replication_configuration":true,"request_payer":true,"server_side_encryption_configuration":true,"tags":{},"tags_all":{},"versioning":true,"website":true,"website_domain":true,"website_endpoint":true},"before_sensitive":false,"after_sensitive":{"cors_rule":[],"grant":[],"lifecycle_rule":[],"logging":[],"object_lock_configuration":[],"replication_configuration":[],"server_side_encryption_configuration":[],"tags":{},"tags_all":{},"versioning":[],"website":[]}}}],"configuration":{"provider_config":{"aws":{"name":"aws","full_name":"registry.terraform.io/hashicorp/aws","expressions":{"region":{"constant_value":"us-east-2"}}}},"root_module":{"resources":[{"address":"aws_s3_bucket.terraform-bucket","mode":"managed","type":"aws_s3_bucket","name":"terraform-bucket","provider_config_key":"aws","expressions":{"bucket":{"constant_value":"terraform-bucket-2023-01-02"},"tags":{"constant_value":{"Name":"Terraform Series"}}},"schema_version":0}]}}}
